// !$*UTF8*$!
{
	archiveVersion = 1;
	classes = {
	};
	objectVersion = 56;
	objects = {

/* Begin PBXBuildFile section */
		2B80C38E2AFA154600393734 /* CryptoSwiftUIApp.swift in Sources */ = {isa = PBXBuildFile; fileRef = 2B80C38D2AFA154600393734 /* CryptoSwiftUIApp.swift */; };
		2B80C3902AFA154600393734 /* ContentView.swift in Sources */ = {isa = PBXBuildFile; fileRef = 2B80C38F2AFA154600393734 /* ContentView.swift */; };
		2B80C3962AFA154700393734 /* Preview Assets.xcassets in Resources */ = {isa = PBXBuildFile; fileRef = 2B80C3952AFA154700393734 /* Preview Assets.xcassets */; };
		2B80C39D2AFA190200393734 /* Assets.xcassets in Resources */ = {isa = PBXBuildFile; fileRef = 2B80C39C2AFA190100393734 /* Assets.xcassets */; };
		2B80C3A02AFA1A5B00393734 /* Color.swift in Sources */ = {isa = PBXBuildFile; fileRef = 2B80C39F2AFA1A5B00393734 /* Color.swift */; };
		2B80C3A82AFA1FB100393734 /* HomeView.swift in Sources */ = {isa = PBXBuildFile; fileRef = 2B80C3A72AFA1FB100393734 /* HomeView.swift */; };
		2B80C3AB2AFA24F500393734 /* CircleButtonView.swift in Sources */ = {isa = PBXBuildFile; fileRef = 2B80C3AA2AFA24F500393734 /* CircleButtonView.swift */; };
		2B80C3AE2AFA514E00393734 /* CircleButtonAnimationView.swift in Sources */ = {isa = PBXBuildFile; fileRef = 2B80C3AD2AFA514E00393734 /* CircleButtonAnimationView.swift */; };
		2B80C3B02AFA56D100393734 /* HomeHeaderView.swift in Sources */ = {isa = PBXBuildFile; fileRef = 2B80C3AF2AFA56D100393734 /* HomeHeaderView.swift */; };
		2B80C3B32AFA57C800393734 /* Coin.swift in Sources */ = {isa = PBXBuildFile; fileRef = 2B80C3B22AFA57C800393734 /* Coin.swift */; };
		2B80C3B52AFA717900393734 /* CoinRowView.swift in Sources */ = {isa = PBXBuildFile; fileRef = 2B80C3B42AFA717800393734 /* CoinRowView.swift */; };
		2B80C3B92AFB6E4A00393734 /* Double.swift in Sources */ = {isa = PBXBuildFile; fileRef = 2B80C3B82AFB6E4A00393734 /* Double.swift */; };
		2B80C3BB2AFBA1D900393734 /* CoinRowViewModel.swift in Sources */ = {isa = PBXBuildFile; fileRef = 2B80C3BA2AFBA1D900393734 /* CoinRowViewModel.swift */; };
		2B80C3BD2AFBA80200393734 /* CoinListViewModel.swift in Sources */ = {isa = PBXBuildFile; fileRef = 2B80C3BC2AFBA80200393734 /* CoinListViewModel.swift */; };
		2B80C3BF2AFBA87F00393734 /* CoinListView.swift in Sources */ = {isa = PBXBuildFile; fileRef = 2B80C3BE2AFBA87F00393734 /* CoinListView.swift */; };
		2B80C3C22AFBC7FC00393734 /* DataService.swift in Sources */ = {isa = PBXBuildFile; fileRef = 2B80C3C12AFBC7FC00393734 /* DataService.swift */; };
		2B80C3C42AFD4EF700393734 /* URLConstants.swift in Sources */ = {isa = PBXBuildFile; fileRef = 2B80C3C32AFD4EF700393734 /* URLConstants.swift */; };
		2B80C3C92AFE16AC00393734 /* ImageManager.swift in Sources */ = {isa = PBXBuildFile; fileRef = 2B80C3C82AFE16AC00393734 /* ImageManager.swift */; };
		2B80C3CB2B01FCFF00393734 /* SearchBarView.swift in Sources */ = {isa = PBXBuildFile; fileRef = 2B80C3CA2B01FCFF00393734 /* SearchBarView.swift */; };
		2B80C3CD2B020E5200393734 /* View.swift in Sources */ = {isa = PBXBuildFile; fileRef = 2B80C3CC2B020E5200393734 /* View.swift */; };
		2B80C3CF2B14A0E500393734 /* Statistic.swift in Sources */ = {isa = PBXBuildFile; fileRef = 2B80C3CE2B14A0E500393734 /* Statistic.swift */; };
		2B80C3D12B14A1F800393734 /* StatisticView.swift in Sources */ = {isa = PBXBuildFile; fileRef = 2B80C3D02B14A1F800393734 /* StatisticView.swift */; };
		2B80C3D32B14CE4400393734 /* HomeStatsView.swift in Sources */ = {isa = PBXBuildFile; fileRef = 2B80C3D22B14CE4400393734 /* HomeStatsView.swift */; };
		2B80C3D52B14D1C100393734 /* HomeStatsViewModel.swift in Sources */ = {isa = PBXBuildFile; fileRef = 2B80C3D42B14D1C100393734 /* HomeStatsViewModel.swift */; };
		2B80C3D72B15D6A300393734 /* MarketData.swift in Sources */ = {isa = PBXBuildFile; fileRef = 2B80C3D62B15D6A300393734 /* MarketData.swift */; };
		2B80C3D92B16016A00393734 /* PortfolioView.swift in Sources */ = {isa = PBXBuildFile; fileRef = 2B80C3D82B16016A00393734 /* PortfolioView.swift */; };
		2B80C3DB2B16058D00393734 /* XMarkButton.swift in Sources */ = {isa = PBXBuildFile; fileRef = 2B80C3DA2B16058D00393734 /* XMarkButton.swift */; };
		2B80C3DE2B160B1100393734 /* CoinImageView.swift in Sources */ = {isa = PBXBuildFile; fileRef = 2B80C3DD2B160B1100393734 /* CoinImageView.swift */; };
		2B80C3E02B160C8800393734 /* CoinLogoView.swift in Sources */ = {isa = PBXBuildFile; fileRef = 2B80C3DF2B160C8800393734 /* CoinLogoView.swift */; };
		2B80C3E32B171ABE00393734 /* PortfolioContainer.xcdatamodeld in Sources */ = {isa = PBXBuildFile; fileRef = 2B80C3E12B171ABE00393734 /* PortfolioContainer.xcdatamodeld */; };
		2B80C3E52B171B6C00393734 /* DatabaseService.swift in Sources */ = {isa = PBXBuildFile; fileRef = 2B80C3E42B171B6C00393734 /* DatabaseService.swift */; };
		2B80C3E72B174FFB00393734 /* PortfolioViewModel.swift in Sources */ = {isa = PBXBuildFile; fileRef = 2B80C3E62B174FFB00393734 /* PortfolioViewModel.swift */; };
		2B80C3E92B18CACA00393734 /* HapticsManager.swift in Sources */ = {isa = PBXBuildFile; fileRef = 2B80C3E82B18CACA00393734 /* HapticsManager.swift */; };
/* End PBXBuildFile section */

/* Begin PBXFileReference section */
		2B80C38A2AFA154600393734 /* CryptoSwiftUI.app */ = {isa = PBXFileReference; explicitFileType = wrapper.application; includeInIndex = 0; path = CryptoSwiftUI.app; sourceTree = BUILT_PRODUCTS_DIR; };
		2B80C38D2AFA154600393734 /* CryptoSwiftUIApp.swift */ = {isa = PBXFileReference; lastKnownFileType = sourcecode.swift; path = CryptoSwiftUIApp.swift; sourceTree = "<group>"; };
		2B80C38F2AFA154600393734 /* ContentView.swift */ = {isa = PBXFileReference; lastKnownFileType = sourcecode.swift; path = ContentView.swift; sourceTree = "<group>"; };
		2B80C3932AFA154700393734 /* CryptoSwiftUI.entitlements */ = {isa = PBXFileReference; lastKnownFileType = text.plist.entitlements; path = CryptoSwiftUI.entitlements; sourceTree = "<group>"; };
		2B80C3952AFA154700393734 /* Preview Assets.xcassets */ = {isa = PBXFileReference; lastKnownFileType = folder.assetcatalog; path = "Preview Assets.xcassets"; sourceTree = "<group>"; };
		2B80C39C2AFA190100393734 /* Assets.xcassets */ = {isa = PBXFileReference; lastKnownFileType = folder.assetcatalog; name = Assets.xcassets; path = ../../../Downloads/Resources/Assets.xcassets; sourceTree = "<group>"; };
		2B80C39F2AFA1A5B00393734 /* Color.swift */ = {isa = PBXFileReference; lastKnownFileType = sourcecode.swift; path = Color.swift; sourceTree = "<group>"; };
		2B80C3A72AFA1FB100393734 /* HomeView.swift */ = {isa = PBXFileReference; lastKnownFileType = sourcecode.swift; path = HomeView.swift; sourceTree = "<group>"; };
		2B80C3AA2AFA24F500393734 /* CircleButtonView.swift */ = {isa = PBXFileReference; lastKnownFileType = sourcecode.swift; path = CircleButtonView.swift; sourceTree = "<group>"; };
		2B80C3AD2AFA514E00393734 /* CircleButtonAnimationView.swift */ = {isa = PBXFileReference; lastKnownFileType = sourcecode.swift; path = CircleButtonAnimationView.swift; sourceTree = "<group>"; };
		2B80C3AF2AFA56D100393734 /* HomeHeaderView.swift */ = {isa = PBXFileReference; lastKnownFileType = sourcecode.swift; path = HomeHeaderView.swift; sourceTree = "<group>"; };
		2B80C3B22AFA57C800393734 /* Coin.swift */ = {isa = PBXFileReference; lastKnownFileType = sourcecode.swift; path = Coin.swift; sourceTree = "<group>"; };
		2B80C3B42AFA717800393734 /* CoinRowView.swift */ = {isa = PBXFileReference; lastKnownFileType = sourcecode.swift; path = CoinRowView.swift; sourceTree = "<group>"; };
		2B80C3B82AFB6E4A00393734 /* Double.swift */ = {isa = PBXFileReference; lastKnownFileType = sourcecode.swift; path = Double.swift; sourceTree = "<group>"; };
		2B80C3BA2AFBA1D900393734 /* CoinRowViewModel.swift */ = {isa = PBXFileReference; lastKnownFileType = sourcecode.swift; path = CoinRowViewModel.swift; sourceTree = "<group>"; };
		2B80C3BC2AFBA80200393734 /* CoinListViewModel.swift */ = {isa = PBXFileReference; lastKnownFileType = sourcecode.swift; path = CoinListViewModel.swift; sourceTree = "<group>"; };
		2B80C3BE2AFBA87F00393734 /* CoinListView.swift */ = {isa = PBXFileReference; lastKnownFileType = sourcecode.swift; path = CoinListView.swift; sourceTree = "<group>"; };
		2B80C3C12AFBC7FC00393734 /* DataService.swift */ = {isa = PBXFileReference; lastKnownFileType = sourcecode.swift; path = DataService.swift; sourceTree = "<group>"; };
		2B80C3C32AFD4EF700393734 /* URLConstants.swift */ = {isa = PBXFileReference; lastKnownFileType = sourcecode.swift; path = URLConstants.swift; sourceTree = "<group>"; };
		2B80C3C82AFE16AC00393734 /* ImageManager.swift */ = {isa = PBXFileReference; lastKnownFileType = sourcecode.swift; path = ImageManager.swift; sourceTree = "<group>"; };
		2B80C3CA2B01FCFF00393734 /* SearchBarView.swift */ = {isa = PBXFileReference; lastKnownFileType = sourcecode.swift; path = SearchBarView.swift; sourceTree = "<group>"; };
		2B80C3CC2B020E5200393734 /* View.swift */ = {isa = PBXFileReference; lastKnownFileType = sourcecode.swift; path = View.swift; sourceTree = "<group>"; };
		2B80C3CE2B14A0E500393734 /* Statistic.swift */ = {isa = PBXFileReference; lastKnownFileType = sourcecode.swift; path = Statistic.swift; sourceTree = "<group>"; };
		2B80C3D02B14A1F800393734 /* StatisticView.swift */ = {isa = PBXFileReference; lastKnownFileType = sourcecode.swift; path = StatisticView.swift; sourceTree = "<group>"; };
		2B80C3D22B14CE4400393734 /* HomeStatsView.swift */ = {isa = PBXFileReference; lastKnownFileType = sourcecode.swift; path = HomeStatsView.swift; sourceTree = "<group>"; };
		2B80C3D42B14D1C100393734 /* HomeStatsViewModel.swift */ = {isa = PBXFileReference; lastKnownFileType = sourcecode.swift; path = HomeStatsViewModel.swift; sourceTree = "<group>"; };
		2B80C3D62B15D6A300393734 /* MarketData.swift */ = {isa = PBXFileReference; lastKnownFileType = sourcecode.swift; path = MarketData.swift; sourceTree = "<group>"; };
		2B80C3D82B16016A00393734 /* PortfolioView.swift */ = {isa = PBXFileReference; lastKnownFileType = sourcecode.swift; path = PortfolioView.swift; sourceTree = "<group>"; };
		2B80C3DA2B16058D00393734 /* XMarkButton.swift */ = {isa = PBXFileReference; lastKnownFileType = sourcecode.swift; path = XMarkButton.swift; sourceTree = "<group>"; };
		2B80C3DD2B160B1100393734 /* CoinImageView.swift */ = {isa = PBXFileReference; lastKnownFileType = sourcecode.swift; path = CoinImageView.swift; sourceTree = "<group>"; };
		2B80C3DF2B160C8800393734 /* CoinLogoView.swift */ = {isa = PBXFileReference; lastKnownFileType = sourcecode.swift; path = CoinLogoView.swift; sourceTree = "<group>"; };
		2B80C3E22B171ABE00393734 /* PortfolioContainer.xcdatamodel */ = {isa = PBXFileReference; lastKnownFileType = wrapper.xcdatamodel; path = PortfolioContainer.xcdatamodel; sourceTree = "<group>"; };
		2B80C3E42B171B6C00393734 /* DatabaseService.swift */ = {isa = PBXFileReference; lastKnownFileType = sourcecode.swift; path = DatabaseService.swift; sourceTree = "<group>"; };
		2B80C3E62B174FFB00393734 /* PortfolioViewModel.swift */ = {isa = PBXFileReference; lastKnownFileType = sourcecode.swift; path = PortfolioViewModel.swift; sourceTree = "<group>"; };
		2B80C3E82B18CACA00393734 /* HapticsManager.swift */ = {isa = PBXFileReference; lastKnownFileType = sourcecode.swift; path = HapticsManager.swift; sourceTree = "<group>"; };
/* End PBXFileReference section */

/* Begin PBXFrameworksBuildPhase section */
		2B80C3872AFA154600393734 /* Frameworks */ = {
			isa = PBXFrameworksBuildPhase;
			buildActionMask = 2147483647;
			files = (
			);
			runOnlyForDeploymentPostprocessing = 0;
		};
/* End PBXFrameworksBuildPhase section */

/* Begin PBXGroup section */
		2B80C3812AFA154600393734 = {
			isa = PBXGroup;
			children = (
				2B80C38C2AFA154600393734 /* CryptoSwiftUI */,
				2B80C38B2AFA154600393734 /* Products */,
			);
			sourceTree = "<group>";
		};
		2B80C38B2AFA154600393734 /* Products */ = {
			isa = PBXGroup;
			children = (
				2B80C38A2AFA154600393734 /* CryptoSwiftUI.app */,
			);
			name = Products;
			sourceTree = "<group>";
		};
		2B80C38C2AFA154600393734 /* CryptoSwiftUI */ = {
			isa = PBXGroup;
			children = (
				2B80C3C72AFE169D00393734 /* Managers */,
				2B80C3C02AFBC7D400393734 /* Services */,
				2B80C39E2AFA1A4400393734 /* Extensions */,
				2B80C3A12AFA1F5A00393734 /* Core */,
				2B80C38D2AFA154600393734 /* CryptoSwiftUIApp.swift */,
				2B80C38F2AFA154600393734 /* ContentView.swift */,
				2B80C39C2AFA190100393734 /* Assets.xcassets */,
				2B80C3932AFA154700393734 /* CryptoSwiftUI.entitlements */,
				2B80C3942AFA154700393734 /* Preview Content */,
			);
			path = CryptoSwiftUI;
			sourceTree = "<group>";
		};
		2B80C3942AFA154700393734 /* Preview Content */ = {
			isa = PBXGroup;
			children = (
				2B80C3952AFA154700393734 /* Preview Assets.xcassets */,
			);
			path = "Preview Content";
			sourceTree = "<group>";
		};
		2B80C39E2AFA1A4400393734 /* Extensions */ = {
			isa = PBXGroup;
			children = (
				2B80C39F2AFA1A5B00393734 /* Color.swift */,
				2B80C3B82AFB6E4A00393734 /* Double.swift */,
				2B80C3CC2B020E5200393734 /* View.swift */,
			);
			path = Extensions;
			sourceTree = "<group>";
		};
		2B80C3A12AFA1F5A00393734 /* Core */ = {
			isa = PBXGroup;
			children = (
				2B80C3A92AFA24D500393734 /* Components */,
				2B80C3A22AFA1F6C00393734 /* Home */,
			);
			path = Core;
			sourceTree = "<group>";
		};
		2B80C3A22AFA1F6C00393734 /* Home */ = {
			isa = PBXGroup;
			children = (
				2B80C3B12AFA57B300393734 /* Models */,
				2B80C3A32AFA1F7900393734 /* Views */,
				2B80C3A42AFA1F7E00393734 /* ViewModels */,
			);
			path = Home;
			sourceTree = "<group>";
		};
		2B80C3A32AFA1F7900393734 /* Views */ = {
			isa = PBXGroup;
			children = (
				2B80C3A72AFA1FB100393734 /* HomeView.swift */,
				2B80C3AF2AFA56D100393734 /* HomeHeaderView.swift */,
				2B80C3B42AFA717800393734 /* CoinRowView.swift */,
				2B80C3BE2AFBA87F00393734 /* CoinListView.swift */,
				2B80C3D22B14CE4400393734 /* HomeStatsView.swift */,
				2B80C3D82B16016A00393734 /* PortfolioView.swift */,
			);
			path = Views;
			sourceTree = "<group>";
		};
		2B80C3A42AFA1F7E00393734 /* ViewModels */ = {
			isa = PBXGroup;
			children = (
				2B80C3BA2AFBA1D900393734 /* CoinRowViewModel.swift */,
				2B80C3BC2AFBA80200393734 /* CoinListViewModel.swift */,
				2B80C3D42B14D1C100393734 /* HomeStatsViewModel.swift */,
				2B80C3E62B174FFB00393734 /* PortfolioViewModel.swift */,
			);
			path = ViewModels;
			sourceTree = "<group>";
		};
		2B80C3A92AFA24D500393734 /* Components */ = {
			isa = PBXGroup;
			children = (
				2B80C3DC2B160AFF00393734 /* Coin */,
				2B80C3AC2AFA512B00393734 /* CircleButton */,
				2B80C3CA2B01FCFF00393734 /* SearchBarView.swift */,
				2B80C3D02B14A1F800393734 /* StatisticView.swift */,
				2B80C3DA2B16058D00393734 /* XMarkButton.swift */,
			);
			path = Components;
			sourceTree = "<group>";
		};
		2B80C3AC2AFA512B00393734 /* CircleButton */ = {
			isa = PBXGroup;
			children = (
				2B80C3AA2AFA24F500393734 /* CircleButtonView.swift */,
				2B80C3AD2AFA514E00393734 /* CircleButtonAnimationView.swift */,
			);
			path = CircleButton;
			sourceTree = "<group>";
		};
		2B80C3B12AFA57B300393734 /* Models */ = {
			isa = PBXGroup;
			children = (
				2B80C3B22AFA57C800393734 /* Coin.swift */,
				2B80C3CE2B14A0E500393734 /* Statistic.swift */,
				2B80C3D62B15D6A300393734 /* MarketData.swift */,
				2B80C3E12B171ABE00393734 /* PortfolioContainer.xcdatamodeld */,
			);
			path = Models;
			sourceTree = "<group>";
		};
		2B80C3C02AFBC7D400393734 /* Services */ = {
			isa = PBXGroup;
			children = (
				2B80C3C12AFBC7FC00393734 /* DataService.swift */,
				2B80C3C32AFD4EF700393734 /* URLConstants.swift */,
				2B80C3E42B171B6C00393734 /* DatabaseService.swift */,
			);
			path = Services;
			sourceTree = "<group>";
		};
		2B80C3C72AFE169D00393734 /* Managers */ = {
			isa = PBXGroup;
			children = (
				2B80C3C82AFE16AC00393734 /* ImageManager.swift */,
				2B80C3E82B18CACA00393734 /* HapticsManager.swift */,
			);
			path = Managers;
			sourceTree = "<group>";
		};
		2B80C3DC2B160AFF00393734 /* Coin */ = {
			isa = PBXGroup;
			children = (
				2B80C3DD2B160B1100393734 /* CoinImageView.swift */,
				2B80C3DF2B160C8800393734 /* CoinLogoView.swift */,
			);
			path = Coin;
			sourceTree = "<group>";
		};
/* End PBXGroup section */

/* Begin PBXNativeTarget section */
		2B80C3892AFA154600393734 /* CryptoSwiftUI */ = {
			isa = PBXNativeTarget;
			buildConfigurationList = 2B80C3992AFA154700393734 /* Build configuration list for PBXNativeTarget "CryptoSwiftUI" */;
			buildPhases = (
				2B80C3862AFA154600393734 /* Sources */,
				2B80C3872AFA154600393734 /* Frameworks */,
				2B80C3882AFA154600393734 /* Resources */,
			);
			buildRules = (
			);
			dependencies = (
			);
			name = CryptoSwiftUI;
			productName = CryptoSwiftUI;
			productReference = 2B80C38A2AFA154600393734 /* CryptoSwiftUI.app */;
			productType = "com.apple.product-type.application";
		};
/* End PBXNativeTarget section */

/* Begin PBXProject section */
		2B80C3822AFA154600393734 /* Project object */ = {
			isa = PBXProject;
			attributes = {
				BuildIndependentTargetsInParallel = 1;
				LastSwiftUpdateCheck = 1500;
				LastUpgradeCheck = 1500;
				TargetAttributes = {
					2B80C3892AFA154600393734 = {
						CreatedOnToolsVersion = 15.0.1;
					};
				};
			};
			buildConfigurationList = 2B80C3852AFA154600393734 /* Build configuration list for PBXProject "CryptoSwiftUI" */;
			compatibilityVersion = "Xcode 14.0";
			developmentRegion = en;
			hasScannedForEncodings = 0;
			knownRegions = (
				en,
				Base,
			);
			mainGroup = 2B80C3812AFA154600393734;
			productRefGroup = 2B80C38B2AFA154600393734 /* Products */;
			projectDirPath = "";
			projectRoot = "";
			targets = (
				2B80C3892AFA154600393734 /* CryptoSwiftUI */,
			);
		};
/* End PBXProject section */

/* Begin PBXResourcesBuildPhase section */
		2B80C3882AFA154600393734 /* Resources */ = {
			isa = PBXResourcesBuildPhase;
			buildActionMask = 2147483647;
			files = (
				2B80C3962AFA154700393734 /* Preview Assets.xcassets in Resources */,
				2B80C39D2AFA190200393734 /* Assets.xcassets in Resources */,
			);
			runOnlyForDeploymentPostprocessing = 0;
		};
/* End PBXResourcesBuildPhase section */

/* Begin PBXSourcesBuildPhase section */
		2B80C3862AFA154600393734 /* Sources */ = {
			isa = PBXSourcesBuildPhase;
			buildActionMask = 2147483647;
			files = (
				2B80C3E32B171ABE00393734 /* PortfolioContainer.xcdatamodeld in Sources */,
				2B80C3BB2AFBA1D900393734 /* CoinRowViewModel.swift in Sources */,
				2B80C3D12B14A1F800393734 /* StatisticView.swift in Sources */,
				2B80C3E52B171B6C00393734 /* DatabaseService.swift in Sources */,
				2B80C3AB2AFA24F500393734 /* CircleButtonView.swift in Sources */,
				2B80C3D72B15D6A300393734 /* MarketData.swift in Sources */,
				2B80C3902AFA154600393734 /* ContentView.swift in Sources */,
				2B80C3A82AFA1FB100393734 /* HomeView.swift in Sources */,
				2B80C3BF2AFBA87F00393734 /* CoinListView.swift in Sources */,
				2B80C3D92B16016A00393734 /* PortfolioView.swift in Sources */,
				2B80C3CF2B14A0E500393734 /* Statistic.swift in Sources */,
				2B80C38E2AFA154600393734 /* CryptoSwiftUIApp.swift in Sources */,
				2B80C3C42AFD4EF700393734 /* URLConstants.swift in Sources */,
				2B80C3A02AFA1A5B00393734 /* Color.swift in Sources */,
				2B80C3E92B18CACA00393734 /* HapticsManager.swift in Sources */,
				2B80C3B02AFA56D100393734 /* HomeHeaderView.swift in Sources */,
				2B80C3DE2B160B1100393734 /* CoinImageView.swift in Sources */,
				2B80C3D32B14CE4400393734 /* HomeStatsView.swift in Sources */,
				2B80C3BD2AFBA80200393734 /* CoinListViewModel.swift in Sources */,
				2B80C3D52B14D1C100393734 /* HomeStatsViewModel.swift in Sources */,
				2B80C3E02B160C8800393734 /* CoinLogoView.swift in Sources */,
				2B80C3C22AFBC7FC00393734 /* DataService.swift in Sources */,
				2B80C3C92AFE16AC00393734 /* ImageManager.swift in Sources */,
				2B80C3B52AFA717900393734 /* CoinRowView.swift in Sources */,
				2B80C3B32AFA57C800393734 /* Coin.swift in Sources */,
				2B80C3CD2B020E5200393734 /* View.swift in Sources */,
				2B80C3DB2B16058D00393734 /* XMarkButton.swift in Sources */,
				2B80C3B92AFB6E4A00393734 /* Double.swift in Sources */,
				2B80C3CB2B01FCFF00393734 /* SearchBarView.swift in Sources */,
				2B80C3AE2AFA514E00393734 /* CircleButtonAnimationView.swift in Sources */,
				2B80C3E72B174FFB00393734 /* PortfolioViewModel.swift in Sources */,
			);
			runOnlyForDeploymentPostprocessing = 0;
		};
/* End PBXSourcesBuildPhase section */

/* Begin XCBuildConfiguration section */
		2B80C3972AFA154700393734 /* Debug */ = {
			isa = XCBuildConfiguration;
			buildSettings = {
				ALWAYS_SEARCH_USER_PATHS = NO;
				ASSETCATALOG_COMPILER_GENERATE_SWIFT_ASSET_SYMBOL_EXTENSIONS = NO;
				CLANG_ANALYZER_NONNULL = YES;
				CLANG_ANALYZER_NUMBER_OBJECT_CONVERSION = YES_AGGRESSIVE;
				CLANG_CXX_LANGUAGE_STANDARD = "gnu++20";
				CLANG_ENABLE_MODULES = YES;
				CLANG_ENABLE_OBJC_ARC = YES;
				CLANG_ENABLE_OBJC_WEAK = YES;
				CLANG_WARN_BLOCK_CAPTURE_AUTORELEASING = YES;
				CLANG_WARN_BOOL_CONVERSION = YES;
				CLANG_WARN_COMMA = YES;
				CLANG_WARN_CONSTANT_CONVERSION = YES;
				CLANG_WARN_DEPRECATED_OBJC_IMPLEMENTATIONS = YES;
				CLANG_WARN_DIRECT_OBJC_ISA_USAGE = YES_ERROR;
				CLANG_WARN_DOCUMENTATION_COMMENTS = YES;
				CLANG_WARN_EMPTY_BODY = YES;
				CLANG_WARN_ENUM_CONVERSION = YES;
				CLANG_WARN_INFINITE_RECURSION = YES;
				CLANG_WARN_INT_CONVERSION = YES;
				CLANG_WARN_NON_LITERAL_NULL_CONVERSION = YES;
				CLANG_WARN_OBJC_IMPLICIT_RETAIN_SELF = YES;
				CLANG_WARN_OBJC_LITERAL_CONVERSION = YES;
				CLANG_WARN_OBJC_ROOT_CLASS = YES_ERROR;
				CLANG_WARN_QUOTED_INCLUDE_IN_FRAMEWORK_HEADER = YES;
				CLANG_WARN_RANGE_LOOP_ANALYSIS = YES;
				CLANG_WARN_STRICT_PROTOTYPES = YES;
				CLANG_WARN_SUSPICIOUS_MOVE = YES;
				CLANG_WARN_UNGUARDED_AVAILABILITY = YES_AGGRESSIVE;
				CLANG_WARN_UNREACHABLE_CODE = YES;
				CLANG_WARN__DUPLICATE_METHOD_MATCH = YES;
				COPY_PHASE_STRIP = NO;
				DEBUG_INFORMATION_FORMAT = dwarf;
				ENABLE_STRICT_OBJC_MSGSEND = YES;
				ENABLE_TESTABILITY = YES;
				ENABLE_USER_SCRIPT_SANDBOXING = YES;
				GCC_C_LANGUAGE_STANDARD = gnu17;
				GCC_DYNAMIC_NO_PIC = NO;
				GCC_NO_COMMON_BLOCKS = YES;
				GCC_OPTIMIZATION_LEVEL = 0;
				GCC_PREPROCESSOR_DEFINITIONS = (
					"DEBUG=1",
					"$(inherited)",
				);
				GCC_WARN_64_TO_32_BIT_CONVERSION = YES;
				GCC_WARN_ABOUT_RETURN_TYPE = YES_ERROR;
				GCC_WARN_UNDECLARED_SELECTOR = YES;
				GCC_WARN_UNINITIALIZED_AUTOS = YES_AGGRESSIVE;
				GCC_WARN_UNUSED_FUNCTION = YES;
				GCC_WARN_UNUSED_VARIABLE = YES;
				LOCALIZATION_PREFERS_STRING_CATALOGS = YES;
				MTL_ENABLE_DEBUG_INFO = INCLUDE_SOURCE;
				MTL_FAST_MATH = YES;
				ONLY_ACTIVE_ARCH = YES;
				SWIFT_ACTIVE_COMPILATION_CONDITIONS = "DEBUG $(inherited)";
				SWIFT_OPTIMIZATION_LEVEL = "-Onone";
			};
			name = Debug;
		};
		2B80C3982AFA154700393734 /* Release */ = {
			isa = XCBuildConfiguration;
			buildSettings = {
				ALWAYS_SEARCH_USER_PATHS = NO;
				ASSETCATALOG_COMPILER_GENERATE_SWIFT_ASSET_SYMBOL_EXTENSIONS = NO;
				CLANG_ANALYZER_NONNULL = YES;
				CLANG_ANALYZER_NUMBER_OBJECT_CONVERSION = YES_AGGRESSIVE;
				CLANG_CXX_LANGUAGE_STANDARD = "gnu++20";
				CLANG_ENABLE_MODULES = YES;
				CLANG_ENABLE_OBJC_ARC = YES;
				CLANG_ENABLE_OBJC_WEAK = YES;
				CLANG_WARN_BLOCK_CAPTURE_AUTORELEASING = YES;
				CLANG_WARN_BOOL_CONVERSION = YES;
				CLANG_WARN_COMMA = YES;
				CLANG_WARN_CONSTANT_CONVERSION = YES;
				CLANG_WARN_DEPRECATED_OBJC_IMPLEMENTATIONS = YES;
				CLANG_WARN_DIRECT_OBJC_ISA_USAGE = YES_ERROR;
				CLANG_WARN_DOCUMENTATION_COMMENTS = YES;
				CLANG_WARN_EMPTY_BODY = YES;
				CLANG_WARN_ENUM_CONVERSION = YES;
				CLANG_WARN_INFINITE_RECURSION = YES;
				CLANG_WARN_INT_CONVERSION = YES;
				CLANG_WARN_NON_LITERAL_NULL_CONVERSION = YES;
				CLANG_WARN_OBJC_IMPLICIT_RETAIN_SELF = YES;
				CLANG_WARN_OBJC_LITERAL_CONVERSION = YES;
				CLANG_WARN_OBJC_ROOT_CLASS = YES_ERROR;
				CLANG_WARN_QUOTED_INCLUDE_IN_FRAMEWORK_HEADER = YES;
				CLANG_WARN_RANGE_LOOP_ANALYSIS = YES;
				CLANG_WARN_STRICT_PROTOTYPES = YES;
				CLANG_WARN_SUSPICIOUS_MOVE = YES;
				CLANG_WARN_UNGUARDED_AVAILABILITY = YES_AGGRESSIVE;
				CLANG_WARN_UNREACHABLE_CODE = YES;
				CLANG_WARN__DUPLICATE_METHOD_MATCH = YES;
				COPY_PHASE_STRIP = NO;
				DEBUG_INFORMATION_FORMAT = "dwarf-with-dsym";
				ENABLE_NS_ASSERTIONS = NO;
				ENABLE_STRICT_OBJC_MSGSEND = YES;
				ENABLE_USER_SCRIPT_SANDBOXING = YES;
				GCC_C_LANGUAGE_STANDARD = gnu17;
				GCC_NO_COMMON_BLOCKS = YES;
				GCC_WARN_64_TO_32_BIT_CONVERSION = YES;
				GCC_WARN_ABOUT_RETURN_TYPE = YES_ERROR;
				GCC_WARN_UNDECLARED_SELECTOR = YES;
				GCC_WARN_UNINITIALIZED_AUTOS = YES_AGGRESSIVE;
				GCC_WARN_UNUSED_FUNCTION = YES;
				GCC_WARN_UNUSED_VARIABLE = YES;
				LOCALIZATION_PREFERS_STRING_CATALOGS = YES;
				MTL_ENABLE_DEBUG_INFO = NO;
				MTL_FAST_MATH = YES;
				SWIFT_COMPILATION_MODE = wholemodule;
			};
			name = Release;
		};
		2B80C39A2AFA154700393734 /* Debug */ = {
			isa = XCBuildConfiguration;
			buildSettings = {
				ASSETCATALOG_COMPILER_APPICON_NAME = AppIcon;
				ASSETCATALOG_COMPILER_GLOBAL_ACCENT_COLOR_NAME = AccentColor;
				CODE_SIGN_ENTITLEMENTS = CryptoSwiftUI/CryptoSwiftUI.entitlements;
				CODE_SIGN_STYLE = Automatic;
				CURRENT_PROJECT_VERSION = 1;
				DEVELOPMENT_ASSET_PATHS = "\"CryptoSwiftUI/Preview Content\"";
				DEVELOPMENT_TEAM = 96WAA3GC34;
				ENABLE_HARDENED_RUNTIME = YES;
				ENABLE_PREVIEWS = YES;
				GENERATE_INFOPLIST_FILE = YES;
				INFOPLIST_KEY_CFBundleDisplayName = "Crypto Tracker";
				"INFOPLIST_KEY_UIApplicationSceneManifest_Generation[sdk=iphoneos*]" = YES;
				"INFOPLIST_KEY_UIApplicationSceneManifest_Generation[sdk=iphonesimulator*]" = YES;
				"INFOPLIST_KEY_UIApplicationSupportsIndirectInputEvents[sdk=iphoneos*]" = YES;
				"INFOPLIST_KEY_UIApplicationSupportsIndirectInputEvents[sdk=iphonesimulator*]" = YES;
				"INFOPLIST_KEY_UILaunchScreen_Generation[sdk=iphoneos*]" = YES;
				"INFOPLIST_KEY_UILaunchScreen_Generation[sdk=iphonesimulator*]" = YES;
				"INFOPLIST_KEY_UIStatusBarStyle[sdk=iphoneos*]" = UIStatusBarStyleDefault;
				"INFOPLIST_KEY_UIStatusBarStyle[sdk=iphonesimulator*]" = UIStatusBarStyleDefault;
				INFOPLIST_KEY_UISupportedInterfaceOrientations = "UIInterfaceOrientationLandscapeLeft UIInterfaceOrientationLandscapeRight UIInterfaceOrientationPortrait";
				IPHONEOS_DEPLOYMENT_TARGET = 17.0;
				LD_RUNPATH_SEARCH_PATHS = "@executable_path/Frameworks";
				"LD_RUNPATH_SEARCH_PATHS[sdk=macosx*]" = "@executable_path/../Frameworks";
				MACOSX_DEPLOYMENT_TARGET = 14.0;
				MARKETING_VERSION = 1.0;
				PRODUCT_BUNDLE_IDENTIFIER = com.kunaltyagi.CryptoSwiftUI;
				PRODUCT_NAME = "$(TARGET_NAME)";
				SDKROOT = auto;
				SUPPORTED_PLATFORMS = "iphoneos iphonesimulator";
				SUPPORTS_MACCATALYST = NO;
				SWIFT_EMIT_LOC_STRINGS = YES;
				SWIFT_VERSION = 5.0;
				TARGETED_DEVICE_FAMILY = "1,2";
			};
			name = Debug;
		};
		2B80C39B2AFA154700393734 /* Release */ = {
			isa = XCBuildConfiguration;
			buildSettings = {
				ASSETCATALOG_COMPILER_APPICON_NAME = AppIcon;
				ASSETCATALOG_COMPILER_GLOBAL_ACCENT_COLOR_NAME = AccentColor;
				CODE_SIGN_ENTITLEMENTS = CryptoSwiftUI/CryptoSwiftUI.entitlements;
				CODE_SIGN_STYLE = Automatic;
				CURRENT_PROJECT_VERSION = 1;
				DEVELOPMENT_ASSET_PATHS = "\"CryptoSwiftUI/Preview Content\"";
				DEVELOPMENT_TEAM = 96WAA3GC34;
				ENABLE_HARDENED_RUNTIME = YES;
				ENABLE_PREVIEWS = YES;
				GENERATE_INFOPLIST_FILE = YES;
				INFOPLIST_KEY_CFBundleDisplayName = "Crypto Tracker";
				"INFOPLIST_KEY_UIApplicationSceneManifest_Generation[sdk=iphoneos*]" = YES;
				"INFOPLIST_KEY_UIApplicationSceneManifest_Generation[sdk=iphonesimulator*]" = YES;
				"INFOPLIST_KEY_UIApplicationSupportsIndirectInputEvents[sdk=iphoneos*]" = YES;
				"INFOPLIST_KEY_UIApplicationSupportsIndirectInputEvents[sdk=iphonesimulator*]" = YES;
				"INFOPLIST_KEY_UILaunchScreen_Generation[sdk=iphoneos*]" = YES;
				"INFOPLIST_KEY_UILaunchScreen_Generation[sdk=iphonesimulator*]" = YES;
				"INFOPLIST_KEY_UIStatusBarStyle[sdk=iphoneos*]" = UIStatusBarStyleDefault;
				"INFOPLIST_KEY_UIStatusBarStyle[sdk=iphonesimulator*]" = UIStatusBarStyleDefault;
				INFOPLIST_KEY_UISupportedInterfaceOrientations = "UIInterfaceOrientationLandscapeLeft UIInterfaceOrientationLandscapeRight UIInterfaceOrientationPortrait";
				IPHONEOS_DEPLOYMENT_TARGET = 17.0;
				LD_RUNPATH_SEARCH_PATHS = "@executable_path/Frameworks";
				"LD_RUNPATH_SEARCH_PATHS[sdk=macosx*]" = "@executable_path/../Frameworks";
				MACOSX_DEPLOYMENT_TARGET = 14.0;
				MARKETING_VERSION = 1.0;
				PRODUCT_BUNDLE_IDENTIFIER = com.kunaltyagi.CryptoSwiftUI;
				PRODUCT_NAME = "$(TARGET_NAME)";
				SDKROOT = auto;
				SUPPORTED_PLATFORMS = "iphoneos iphonesimulator";
				SUPPORTS_MACCATALYST = NO;
				SWIFT_EMIT_LOC_STRINGS = YES;
				SWIFT_VERSION = 5.0;
				TARGETED_DEVICE_FAMILY = "1,2";
			};
			name = Release;
		};
/* End XCBuildConfiguration section */

/* Begin XCConfigurationList section */
		2B80C3852AFA154600393734 /* Build configuration list for PBXProject "CryptoSwiftUI" */ = {
			isa = XCConfigurationList;
			buildConfigurations = (
				2B80C3972AFA154700393734 /* Debug */,
				2B80C3982AFA154700393734 /* Release */,
			);
			defaultConfigurationIsVisible = 0;
			defaultConfigurationName = Release;
		};
		2B80C3992AFA154700393734 /* Build configuration list for PBXNativeTarget "CryptoSwiftUI" */ = {
			isa = XCConfigurationList;
			buildConfigurations = (
				2B80C39A2AFA154700393734 /* Debug */,
				2B80C39B2AFA154700393734 /* Release */,
			);
			defaultConfigurationIsVisible = 0;
			defaultConfigurationName = Release;
		};
/* End XCConfigurationList section */

/* Begin XCVersionGroup section */
		2B80C3E12B171ABE00393734 /* PortfolioContainer.xcdatamodeld */ = {
			isa = XCVersionGroup;
			children = (
				2B80C3E22B171ABE00393734 /* PortfolioContainer.xcdatamodel */,
			);
			currentVersion = 2B80C3E22B171ABE00393734 /* PortfolioContainer.xcdatamodel */;
			path = PortfolioContainer.xcdatamodeld;
			sourceTree = "<group>";
			versionGroupType = wrapper.xcdatamodel;
		};
/* End XCVersionGroup section */
	};
	rootObject = 2B80C3822AFA154600393734 /* Project object */;
}
